{
  "nodes": {
    "crane": {
      "locked": {
        "lastModified": 1767319442,
        "narHash": "sha256-TXsJUc+nZflFGWLopUxHwdlxYY+ucxbF5IAPLEX5tc4=",
        "owner": "ipetkov",
        "repo": "crane",
        "rev": "607c91ce75d63ea52731933c5396649b9d08284c",
        "type": "github"
      },
      "original": {
        "owner": "ipetkov",
        "repo": "crane",
        "type": "github"
      }
    },
    "flake-parts": {
      "inputs": {
        "nixpkgs-lib": "nixpkgs-lib"
      },
      "locked": {
        "lastModified": 1765835352,
        "narHash": "sha256-XswHlK/Qtjasvhd1nOa1e8MgZ8GS//jBoTqWtrS1Giw=",
        "owner": "hercules-ci",
        "repo": "flake-parts",
        "rev": "a34fae9c08a15ad73f295041fec82323541400a9",
        "type": "github"
      },
      "original": {
        "owner": "hercules-ci",
        "repo": "flake-parts",
        "type": "github"
      }
    },
    "flake-utils": {
      "inputs": {
        "systems": "systems"
      },
      "locked": {
        "lastModified": 1731533236,
        "narHash": "sha256-l0KFg5HjrsfsO/JpG+r7fRrqm12kzFHyUHqHCVpMMbI=",
        "owner": "numtide",
        "repo": "flake-utils",
        "rev": "11707dc2f618dd54ca8739b309ec4fc024de578b",
        "type": "github"
      },
      "original": {
        "owner": "numtide",
        "repo": "flake-utils",
        "type": "github"
      }
    },
    "google-workspace-cli": {
      "inputs": {
        "flake-utils": "flake-utils",
        "nixpkgs": [
          "nixpkgs"
        ]
      },
      "locked": {
        "lastModified": 1774983075,
        "narHash": "sha256-YyNIHbyZrLlXYtWxZY8Um19MsnLharmS+nWGWO89fsA=",
        "owner": "googleworkspace",
        "repo": "cli",
        "rev": "a3768d0e82ad83cca2da97724e46bea4ff0e6dbd",
        "type": "github"
      },
      "original": {
        "owner": "googleworkspace",
        "repo": "cli",
        "type": "github"
      }
    },
    "home-manager": {
      "inputs": {
        "nixpkgs": [
          "nixpkgs"
        ]
      },
      "locked": {
        "lastModified": 1782881387,
        "narHash": "sha256-HvlS1KDGXDjd1bNzzPvH1mkDJATlDAfVYfTh//wJBEA=",
        "owner": "nix-community",
        "repo": "home-manager",
        "rev": "d32537981c036473cf6990ae03176a5d84c43b29",
        "type": "github"
      },
      "original": {
        "owner": "nix-community",
        "repo": "home-manager",
        "type": "github"
      }
    },
    "nix-darwin": {
      "inputs": {
        "nixpkgs": [
          "nixpkgs"
        ]
      },
      "locked": {
        "lastModified": 1781761792,
        "narHash": "sha256-rCPytmKNjctLloB6UgK5CRrHSwV4b0ygxtJLPPp8R14=",
        "owner": "nix-darwin",
        "repo": "nix-darwin",
        "rev": "a1fa429e945becaf60468600daf649be4ba0350c",
        "type": "github"
      },
      "original": {
        "owner": "nix-darwin",
        "repo": "nix-darwin",
        "type": "github"
      }
    },
    "nix-index-database": {
      "inputs": {
        "nixpkgs": [
          "nixpkgs"
        ]
      },
      "locked": {
        "lastModified": 1782636943,
        "narHash": "sha256-ripjZa7BBLwL1uS5VJF3s/VpZpWt5ZIQEvkJ/FJNpQw=",
        "owner": "nix-community",
        "repo": "nix-index-database",
        "rev": "058b1f9381fa79fcda49982370a750ff92dbba43",
        "type": "github"
      },
      "original": {
        "owner": "nix-community",
        "repo": "nix-index-database",
        "type": "github"
      }
    },
    "nix-vite-plus": {
      "inputs": {
        "nixpkgs": "nixpkgs"
      },
      "locked": {
        "lastModified": 1783493477,
        "narHash": "sha256-J6UF9aHSCdmD0MxJAdMZ1+o2quzptwprxqc/NeE8BVQ=",
        "owner": "ryoppippi",
        "repo": "nix-vite-plus",
        "rev": "f82a084742cfa30ac50a5f2b809f7ff205023c44",
        "type": "github"
      },
      "original": {
        "owner": "ryoppippi",
        "repo": "nix-vite-plus",
        "type": "github"
      }
    },
    "nixpkgs": {
      "locked": {
        "lastModified": 1781577229,
        "narHash": "sha256-lrp67w8AulE9Ks53n27I45ADSzbOCn4H+CNW1Ck8B+8=",
        "owner": "NixOS",
        "repo": "nixpkgs",
        "rev": "567a49d1913ce81ac6e9582e3553dd90a955875f",
        "type": "github"
      },
      "original": {
        "owner": "NixOS",
        "ref": "nixos-unstable",
        "repo": "nixpkgs",
        "type": "github"
      }
    },
    "nixpkgs-lib": {
      "locked": {
        "lastModified": 1765674936,
        "narHash": "sha256-k00uTP4JNfmejrCLJOwdObYC9jHRrr/5M/a/8L2EIdo=",
        "owner": "nix-community",
        "repo": "nixpkgs.lib",
        "rev": "2075416fcb47225d9b68ac469a5c4801a9c4dd85",
        "type": "github"
      },
      "original": {
        "owner": "nix-community",
        "repo": "nixpkgs.lib",
        "type": "github"
      }
    },
    "nixpkgs_2": {
      "locked": {
        "lastModified": 1782821651,
        "narHash": "sha256-D5jO0ME1lA9bDHnd5kVawBwItG/N4oZr3FlXmMzLec8=",
        "owner": "NixOS",
        "repo": "nixpkgs",
        "rev": "e52c192be9d7b2c4bd4aed326c8731b35f8bb75c",
        "type": "github"
      },
      "original": {
        "owner": "NixOS",
        "ref": "nixpkgs-unstable",
        "repo": "nixpkgs",
        "type": "github"
      }
    },
    "root": {
      "inputs": {
        "google-workspace-cli": "google-workspace-cli",
        "home-manager": "home-manager",
        "nix-darwin": "nix-darwin",
        "nix-index-database": "nix-index-database",
        "nix-vite-plus": "nix-vite-plus",
        "nixpkgs": "nixpkgs_2",
        "screen-capture-mcp-server": "screen-capture-mcp-server",
        "version-lsp": "version-lsp"
      }
    },
    "rust-overlay": {
      "inputs": {
        "nixpkgs": [
          "version-lsp",
          "nixpkgs"
        ]
      },
      "locked": {
        "lastModified": 1780284119,
        "narHash": "sha256-y2wR4Mk6D/N1ID4FZa2oUMStCUxyIoRzmgOOpLzoWmo=",
        "owner": "oxalica",
        "repo": "rust-overlay",
        "rev": "51390d0bfca0a68a8c337d215a4bbeddc2ca616e",
        "type": "github"
      },
      "original": {
        "owner": "oxalica",
        "repo": "rust-overlay",
        "type": "github"
      }
    },
    "screen-capture-mcp-server": {
      "inputs": {
        "nixpkgs": [
          "nixpkgs"
        ]
      },
      "locked": {
        "lastModified": 1783647189,
        "narHash": "sha256-IkE0Qn+czXwLo87uMtRph3hs8f5U0oU2AT5yYfWNESM=",
        "owner": "skanehira",
        "repo": "screen-capture-mcp-server",
        "rev": "a104858d06ca733339a514cbc0f26fc6f844126e",
        "type": "github"
      },
      "original": {
        "owner": "skanehira",
        "repo": "screen-capture-mcp-server",
        "type": "github"
      }
    },
    "systems": {
      "locked": {
        "lastModified": 1681028828,
        "narHash": "sha256-Vy1rq5AaRuLzOxct8nz4T6wlgyUR7zLU309k9mBC768=",
        "owner": "nix-systems",
        "repo": "default",
        "rev": "da67096a3b9bf56a91d16901293e51ba5b49a27e",
        "type": "github"
      },
      "original": {
        "owner": "nix-systems",
        "repo": "default",
        "type": "github"
      }
    },
    "version-lsp": {
      "inputs": {
        "crane": "crane",
        "flake-parts": "flake-parts",
        "nixpkgs": [
          "nixpkgs"
        ],
        "rust-overlay": "rust-overlay"
      },
      "locked": {
        "lastModified": 1782727873,
        "narHash": "sha256-H2Qcq50tUSZaLtzlCMcmeruprtZqcD8bton07oHcrcQ=",
        "owner": "skanehira",
        "repo": "version-lsp",
        "rev": "4ae6cbe060f95ffc051a296e285e853deaf04195",
        "type": "github"
      },
      "original": {
        "owner": "skanehira",
        "repo": "version-lsp",
        "type": "github"
      }
    }
  },
  "root": "root",
  "version": 7
}
